{
  "version": "v1",
  "packages": {
    "@elsikora/nestjs-crud-config": {
      "signature": "4545adee21c24ed34d206745f7de5e06",
      "file": true,
      "replaced": "^1.1.0"
    },
    "@elsikora/nestjs-crud-automator": {
      "signature": "d15c30224016e1915ab052a9bf8f8c72",
      "file": true,
      "replaced": "^1.9.0"
    }
  }
}